
Microsoft Visual Studio Solution File, Format Version 12.00
# Visual Studio Version 16
VisualStudioVersion = 16.0.30114.105
MinimumVisualStudioVersion = 10.0.40219.1
Project("{FAE04EC0-301F-11D3-BF4B-00C04F79EFBC}") = "Classes12", "Classes12.csproj", "{58896772-FDE2-40A4-AD3D-2080EF97932F}"
EndProject
Global
	GlobalSection(SolutionConfigurationPlatforms) = preSolution
		Debug|Any CPU = Debug|Any CPU
		Release|Any CPU = Release|Any CPU
	EndGlobalSection
	GlobalSection(ProjectConfigurationPlatforms) = postSolution
		{58896772-FDE2-40A4-AD3D-2080EF97932F}.Debug|Any CPU.ActiveCfg = Debug|Any CPU
		{58896772-FDE2-40A4-AD3D-2080EF97932F}.Debug|Any CPU.Build.0 = Debug|Any CPU
		{58896772-FDE2-40A4-AD3D-2080EF97932F}.Release|Any CPU.ActiveCfg = Release|Any CPU
		{58896772-FDE2-40A4-AD3D-2080EF97932F}.Release|Any CPU.Build.0 = Release|Any CPU
	EndGlobalSection
	GlobalSection(SolutionProperties) = preSolution
		HideSolutionNode = FALSE
	EndGlobalSection
	GlobalSection(ExtensibilityGlobals) = postSolution
		SolutionGuid = {A4C17063-496F-4AAC-A243-3AF6CD13DBF5}
	EndGlobalSection
EndGlobal
